{
  "name": "sample-project",
  "version": "1.0.0",
  "lockfileVersion": 1,
  "requires": true,
  "dependencies": {
    "case-utils": {
      "version": "1.0.0",
      "resolved": "https://registry.npmjs.org/case-utils/-/case-utils-1.0.0.tgz",
      "integrity": "sha512-4Lmq2X47F8M5dm7RRUO2GVg3sTNoWDP0RU1/MeVioiWepKGyTmgAG8s9q3LQKarNnVP+op2LZDOyGQLmzNpHBw=="
    }
  }
}
