{
  "name": "sample-project",
  "version": "1.0.0",
  "lockfileVersion": 1,
  "requires": true,
  "dependencies": {
    "case-utils": {
      "version": "2.0.0",
      "resolved": "https://registry.npmjs.org/case-utils/-/case-utils-2.0.0.tgz",
      "integrity": "sha512-YgKuWLhFd3xZLkyQwflk+tEy4YkWYunKmutNJFPRvgbbaEROGWA64g8G5JCQqNepl2VS+jEUn2agWXnS12qTJQ=="
    }
  }
}
