{
  "name": "sample-project",
  "version": "1.0.0",
  "lockfileVersion": 1,
  "requires": true,
  "dependencies": {
    "case-utils": {
      "version": "0.1.1",
      "resolved": "https://registry.npmjs.org/case-utils/-/case-utils-0.1.1.tgz",
      "integrity": "sha512-HBIM8HYE2ONSDN/95lm3wIctufiFMPCkXZvWBeJJFv0ginjfyfRTcyWY7hqFChU+6mUOIrcsQIGogL7EjLqiyg=="
    }
  }
}
